name: Twistlock

on:
  pull_request:
    branches:
      - master

jobs:
  twistlock:
    name: Run Twistlock
    runs-on: ubuntu-latest
    steps:
      - uses: actions/checkout@v2
      - uses: ./twistlock
        continue-on-error: true
        with:
          consoleURL: https://us-east1.cloud.twistlock.com/us-1-113032316
          username: ${{ secrets.TEMP_TWISTCLI_USERNAME }}
          password: ${{ secrets.TEMP_TWISTCLI_PASSWORD }}
        env:
          GITHUB_TOKEN: ${{ secrets.GITHUB_TOKEN }}
